
Microsoft Visual Studio Solution File, Format Version 12.00
# Visual Studio 2012
Project("{FAE04EC0-301F-11D3-BF4B-00C04F79EFBC}") = "StrategyConsoleApplication", "StrategyConsoleApplication\StrategyConsoleApplication.csproj", "{D85182CF-12DD-4663-B8CE-DAD629E526B0}"
EndProject
Project("{FAE04EC0-301F-11D3-BF4B-00C04F79EFBC}") = "StrategyTests", "StrategyTests\StrategyTests.csproj", "{62CDE96A-28A0-46C1-A68A-B5699D12E179}"
EndProject
Global
	GlobalSection(SolutionConfigurationPlatforms) = preSolution
		Debug|Any CPU = Debug|Any CPU
		Release|Any CPU = Release|Any CPU
	EndGlobalSection
	GlobalSection(ProjectConfigurationPlatforms) = postSolution
		{D85182CF-12DD-4663-B8CE-DAD629E526B0}.Debug|Any CPU.ActiveCfg = Debug|Any CPU
		{D85182CF-12DD-4663-B8CE-DAD629E526B0}.Debug|Any CPU.Build.0 = Debug|Any CPU
		{D85182CF-12DD-4663-B8CE-DAD629E526B0}.Release|Any CPU.ActiveCfg = Release|Any CPU
		{D85182CF-12DD-4663-B8CE-DAD629E526B0}.Release|Any CPU.Build.0 = Release|Any CPU
		{62CDE96A-28A0-46C1-A68A-B5699D12E179}.Debug|Any CPU.ActiveCfg = Debug|Any CPU
		{62CDE96A-28A0-46C1-A68A-B5699D12E179}.Debug|Any CPU.Build.0 = Debug|Any CPU
		{62CDE96A-28A0-46C1-A68A-B5699D12E179}.Release|Any CPU.ActiveCfg = Release|Any CPU
		{62CDE96A-28A0-46C1-A68A-B5699D12E179}.Release|Any CPU.Build.0 = Release|Any CPU
	EndGlobalSection
	GlobalSection(SolutionProperties) = preSolution
		HideSolutionNode = FALSE
	EndGlobalSection
EndGlobal
