
Microsoft Visual Studio Solution File, Format Version 12.00
# Visual Studio 2012
Project("{FAE04EC0-301F-11D3-BF4B-00C04F79EFBC}") = "Factory", "Factory\Factory.csproj", "{3809E433-6928-481E-B2D7-706AE7A75305}"
EndProject
Project("{FAE04EC0-301F-11D3-BF4B-00C04F79EFBC}") = "Repositories", "Data\Repositories.csproj", "{C6AA99DB-8165-4496-B6AC-9A04B49D3EC7}"
EndProject
Project("{2150E333-8FDC-42A3-9474-1A3956D46DE8}") = "01 - Application", "01 - Application", "{2EF0EBFC-42F8-483F-8DDC-63B4DC25C91E}"
EndProject
Project("{2150E333-8FDC-42A3-9474-1A3956D46DE8}") = "02 - Business", "02 - Business", "{0146B264-9397-43C2-A109-D941CC6DD13D}"
EndProject
Project("{2150E333-8FDC-42A3-9474-1A3956D46DE8}") = "04 - Data", "04 - Data", "{A246A75E-31F9-48E8-B86E-A4510F07D06A}"
EndProject
Project("{FAE04EC0-301F-11D3-BF4B-00C04F79EFBC}") = "Models", "Domain\Models.csproj", "{966475EB-6826-4168-963E-236AADBEB8F4}"
EndProject
Project("{2150E333-8FDC-42A3-9474-1A3956D46DE8}") = "03 - Domain", "03 - Domain", "{69F126EE-543E-458B-A2CD-5C3CD6C48491}"
EndProject
Project("{FAE04EC0-301F-11D3-BF4B-00C04F79EFBC}") = "KursOMaticConsole", "Application\KursOMaticConsole\KursOMaticConsole.csproj", "{CF0E72FF-F5E3-42EF-AC87-D22DEF315087}"
EndProject
Global
	GlobalSection(SolutionConfigurationPlatforms) = preSolution
		Debug|Any CPU = Debug|Any CPU
		Release|Any CPU = Release|Any CPU
	EndGlobalSection
	GlobalSection(ProjectConfigurationPlatforms) = postSolution
		{3809E433-6928-481E-B2D7-706AE7A75305}.Debug|Any CPU.ActiveCfg = Debug|Any CPU
		{3809E433-6928-481E-B2D7-706AE7A75305}.Debug|Any CPU.Build.0 = Debug|Any CPU
		{3809E433-6928-481E-B2D7-706AE7A75305}.Release|Any CPU.ActiveCfg = Release|Any CPU
		{3809E433-6928-481E-B2D7-706AE7A75305}.Release|Any CPU.Build.0 = Release|Any CPU
		{C6AA99DB-8165-4496-B6AC-9A04B49D3EC7}.Debug|Any CPU.ActiveCfg = Debug|Any CPU
		{C6AA99DB-8165-4496-B6AC-9A04B49D3EC7}.Debug|Any CPU.Build.0 = Debug|Any CPU
		{C6AA99DB-8165-4496-B6AC-9A04B49D3EC7}.Release|Any CPU.ActiveCfg = Release|Any CPU
		{C6AA99DB-8165-4496-B6AC-9A04B49D3EC7}.Release|Any CPU.Build.0 = Release|Any CPU
		{966475EB-6826-4168-963E-236AADBEB8F4}.Debug|Any CPU.ActiveCfg = Debug|Any CPU
		{966475EB-6826-4168-963E-236AADBEB8F4}.Debug|Any CPU.Build.0 = Debug|Any CPU
		{966475EB-6826-4168-963E-236AADBEB8F4}.Release|Any CPU.ActiveCfg = Release|Any CPU
		{966475EB-6826-4168-963E-236AADBEB8F4}.Release|Any CPU.Build.0 = Release|Any CPU
		{CF0E72FF-F5E3-42EF-AC87-D22DEF315087}.Debug|Any CPU.ActiveCfg = Debug|Any CPU
		{CF0E72FF-F5E3-42EF-AC87-D22DEF315087}.Debug|Any CPU.Build.0 = Debug|Any CPU
		{CF0E72FF-F5E3-42EF-AC87-D22DEF315087}.Release|Any CPU.ActiveCfg = Release|Any CPU
		{CF0E72FF-F5E3-42EF-AC87-D22DEF315087}.Release|Any CPU.Build.0 = Release|Any CPU
	EndGlobalSection
	GlobalSection(SolutionProperties) = preSolution
		HideSolutionNode = FALSE
	EndGlobalSection
	GlobalSection(NestedProjects) = preSolution
		{CF0E72FF-F5E3-42EF-AC87-D22DEF315087} = {2EF0EBFC-42F8-483F-8DDC-63B4DC25C91E}
		{3809E433-6928-481E-B2D7-706AE7A75305} = {0146B264-9397-43C2-A109-D941CC6DD13D}
		{C6AA99DB-8165-4496-B6AC-9A04B49D3EC7} = {A246A75E-31F9-48E8-B86E-A4510F07D06A}
		{966475EB-6826-4168-963E-236AADBEB8F4} = {69F126EE-543E-458B-A2CD-5C3CD6C48491}
	EndGlobalSection
EndGlobal
